
Microsoft Visual Studio Solution File, Format Version 12.00
# Visual Studio 15
VisualStudioVersion = 15.0.28307.572
MinimumVisualStudioVersion = 10.0.40219.1
Project("{9A19103F-16F7-4668-BE54-9A1E7A4F7556}") = "UserApi", "UserApi\UserApi.csproj", "{37535028-647C-4A0B-823B-67CBDE21E414}"
EndProject
Project("{2150E333-8FDC-42A3-9474-1A3956D46DE8}") = "Test", "Test", "{8EE8ECDD-6905-4B29-8782-DDC18460E396}"
EndProject
Project("{FAE04EC0-301F-11D3-BF4B-00C04F79EFBC}") = "UserApiUnitTest", "UserApiUnitTest\UserApiUnitTest.csproj", "{B2FC1E7A-7C68-40A0-8953-130CEDEEC02B}"
EndProject
Global
	GlobalSection(SolutionConfigurationPlatforms) = preSolution
		Debug|Any CPU = Debug|Any CPU
		Release|Any CPU = Release|Any CPU
	EndGlobalSection
	GlobalSection(ProjectConfigurationPlatforms) = postSolution
		{37535028-647C-4A0B-823B-67CBDE21E414}.Debug|Any CPU.ActiveCfg = Debug|Any CPU
		{37535028-647C-4A0B-823B-67CBDE21E414}.Debug|Any CPU.Build.0 = Debug|Any CPU
		{37535028-647C-4A0B-823B-67CBDE21E414}.Release|Any CPU.ActiveCfg = Release|Any CPU
		{37535028-647C-4A0B-823B-67CBDE21E414}.Release|Any CPU.Build.0 = Release|Any CPU
		{B2FC1E7A-7C68-40A0-8953-130CEDEEC02B}.Debug|Any CPU.ActiveCfg = Debug|Any CPU
		{B2FC1E7A-7C68-40A0-8953-130CEDEEC02B}.Debug|Any CPU.Build.0 = Debug|Any CPU
		{B2FC1E7A-7C68-40A0-8953-130CEDEEC02B}.Release|Any CPU.ActiveCfg = Release|Any CPU
		{B2FC1E7A-7C68-40A0-8953-130CEDEEC02B}.Release|Any CPU.Build.0 = Release|Any CPU
	EndGlobalSection
	GlobalSection(SolutionProperties) = preSolution
		HideSolutionNode = FALSE
	EndGlobalSection
	GlobalSection(NestedProjects) = preSolution
		{B2FC1E7A-7C68-40A0-8953-130CEDEEC02B} = {8EE8ECDD-6905-4B29-8782-DDC18460E396}
	EndGlobalSection
	GlobalSection(ExtensibilityGlobals) = postSolution
		SolutionGuid = {6D0CD43E-8D89-434E-8956-A900790D5037}
	EndGlobalSection
EndGlobal
